
Microsoft Visual Studio Solution File, Format Version 12.00
# Visual Studio Version 17
VisualStudioVersion = 17.4.33122.133
MinimumVisualStudioVersion = 10.0.40219.1
Project("{FAE04EC0-301F-11D3-BF4B-00C04F79EFBC}") = "TheEncoreAgenda", "TheEncoreAgenda\TheEncoreAgenda.csproj", "{635C82B1-4491-4E17-B9AC-10D62A51ADC9}"
EndProject
Global
	GlobalSection(SolutionConfigurationPlatforms) = preSolution
		Debug|Any CPU = Debug|Any CPU
		Release|Any CPU = Release|Any CPU
	EndGlobalSection
	GlobalSection(ProjectConfigurationPlatforms) = postSolution
		{635C82B1-4491-4E17-B9AC-10D62A51ADC9}.Debug|Any CPU.ActiveCfg = Debug|Any CPU
		{635C82B1-4491-4E17-B9AC-10D62A51ADC9}.Debug|Any CPU.Build.0 = Debug|Any CPU
		{635C82B1-4491-4E17-B9AC-10D62A51ADC9}.Release|Any CPU.ActiveCfg = Release|Any CPU
		{635C82B1-4491-4E17-B9AC-10D62A51ADC9}.Release|Any CPU.Build.0 = Release|Any CPU
	EndGlobalSection
	GlobalSection(SolutionProperties) = preSolution
		HideSolutionNode = FALSE
	EndGlobalSection
	GlobalSection(ExtensibilityGlobals) = postSolution
		SolutionGuid = {ED44F2C3-491B-4706-A696-CEAAFDBDAF87}
	EndGlobalSection
EndGlobal
